
Microsoft Visual Studio Solution File, Format Version 12.00
# Visual Studio Version 16
VisualStudioVersion = 16.0.34031.81
MinimumVisualStudioVersion = 10.0.40219.1
Project("{FAE04EC0-301F-11D3-BF4B-00C04F79EFBC}") = "BankConfigurationPortal.Utils", "Utils\BankConfigurationPortal.Utils.csproj", "{3E2473C6-7ACF-49E3-9E76-8A8DF3AA1019}"
EndProject
Project("{FAE04EC0-301F-11D3-BF4B-00C04F79EFBC}") = "BankConfigurationPortal.Web", "BankConfigurationPortal.Web\BankConfigurationPortal.Web.csproj", "{EFAA2372-5B4F-4285-885E-37BAA772CAF2}"
EndProject
Project("{FAE04EC0-301F-11D3-BF4B-00C04F79EFBC}") = "BankConfigurationPortal.Setup", "BankConfigurationPortal.Setup\BankConfigurationPortal.Setup.csproj", "{473AF82E-0B49-4CFA-8804-85F21F1BFDE1}"
EndProject
Global
	GlobalSection(SolutionConfigurationPlatforms) = preSolution
		Debug|Any CPU = Debug|Any CPU
		Release|Any CPU = Release|Any CPU
	EndGlobalSection
	GlobalSection(ProjectConfigurationPlatforms) = postSolution
		{3E2473C6-7ACF-49E3-9E76-8A8DF3AA1019}.Debug|Any CPU.ActiveCfg = Debug|Any CPU
		{3E2473C6-7ACF-49E3-9E76-8A8DF3AA1019}.Debug|Any CPU.Build.0 = Debug|Any CPU
		{3E2473C6-7ACF-49E3-9E76-8A8DF3AA1019}.Release|Any CPU.ActiveCfg = Release|Any CPU
		{3E2473C6-7ACF-49E3-9E76-8A8DF3AA1019}.Release|Any CPU.Build.0 = Release|Any CPU
		{EFAA2372-5B4F-4285-885E-37BAA772CAF2}.Debug|Any CPU.ActiveCfg = Debug|Any CPU
		{EFAA2372-5B4F-4285-885E-37BAA772CAF2}.Debug|Any CPU.Build.0 = Debug|Any CPU
		{EFAA2372-5B4F-4285-885E-37BAA772CAF2}.Release|Any CPU.ActiveCfg = Release|Any CPU
		{EFAA2372-5B4F-4285-885E-37BAA772CAF2}.Release|Any CPU.Build.0 = Release|Any CPU
		{473AF82E-0B49-4CFA-8804-85F21F1BFDE1}.Debug|Any CPU.ActiveCfg = Debug|Any CPU
		{473AF82E-0B49-4CFA-8804-85F21F1BFDE1}.Debug|Any CPU.Build.0 = Debug|Any CPU
		{473AF82E-0B49-4CFA-8804-85F21F1BFDE1}.Release|Any CPU.ActiveCfg = Release|Any CPU
		{473AF82E-0B49-4CFA-8804-85F21F1BFDE1}.Release|Any CPU.Build.0 = Release|Any CPU
	EndGlobalSection
	GlobalSection(SolutionProperties) = preSolution
		HideSolutionNode = FALSE
	EndGlobalSection
	GlobalSection(ExtensibilityGlobals) = postSolution
		SolutionGuid = {696D6567-DF1B-4118-BA35-1E98D83DF4F0}
	EndGlobalSection
EndGlobal
